// !$*UTF8*$!
{
	archiveVersion = 1;
	classes = {
	};
	objectVersion = 50;
	objects = {

/* Begin PBXBuildFile section */
		601E70C121ECC40D003011F8 /* AppDelegate.swift in Sources */ = {isa = PBXBuildFile; fileRef = 601E70C021ECC40D003011F8 /* AppDelegate.swift */; };
		601E70C321ECC40D003011F8 /* CompanyListVC.swift in Sources */ = {isa = PBXBuildFile; fileRef = 601E70C221ECC40D003011F8 /* CompanyListVC.swift */; };
		601E70C821ECC40E003011F8 /* Assets.xcassets in Resources */ = {isa = PBXBuildFile; fileRef = 601E70C721ECC40E003011F8 /* Assets.xcassets */; };
		601E70CB21ECC40E003011F8 /* LaunchScreen.storyboard in Resources */ = {isa = PBXBuildFile; fileRef = 601E70C921ECC40E003011F8 /* LaunchScreen.storyboard */; };
		601E70D321ECCE4C003011F8 /* CustomNavigationController.swift in Sources */ = {isa = PBXBuildFile; fileRef = 601E70D221ECCE4C003011F8 /* CustomNavigationController.swift */; };
		601E70D521ECD18F003011F8 /* ColorScheme.swift in Sources */ = {isa = PBXBuildFile; fileRef = 601E70D421ECD18F003011F8 /* ColorScheme.swift */; };
		601E70D721ECD7D8003011F8 /* CompanyListLayout.swift in Sources */ = {isa = PBXBuildFile; fileRef = 601E70D621ECD7D8003011F8 /* CompanyListLayout.swift */; };
		601E70DE21EE5D7A003011F8 /* CompanyTableView.swift in Sources */ = {isa = PBXBuildFile; fileRef = 601E70DD21EE5D7A003011F8 /* CompanyTableView.swift */; };
		601E70E121EE60F2003011F8 /* CompaniesConstants.swift in Sources */ = {isa = PBXBuildFile; fileRef = 601E70E021EE60F2003011F8 /* CompaniesConstants.swift */; };
		601E70E321EFC2E4003011F8 /* Company.swift in Sources */ = {isa = PBXBuildFile; fileRef = 601E70E221EFC2E4003011F8 /* Company.swift */; };
		601E70E521EFC61F003011F8 /* CompanyCell.swift in Sources */ = {isa = PBXBuildFile; fileRef = 601E70E421EFC61F003011F8 /* CompanyCell.swift */; };
		601E70E821F321BD003011F8 /* CreateCompanyVC.swift in Sources */ = {isa = PBXBuildFile; fileRef = 601E70E721F321BD003011F8 /* CreateCompanyVC.swift */; };
		601E70EA21F322DA003011F8 /* CreateCompanyLayout.swift in Sources */ = {isa = PBXBuildFile; fileRef = 601E70E921F322DA003011F8 /* CreateCompanyLayout.swift */; };
		601E70EC21F3253A003011F8 /* SetNavigationBarTheme.swift in Sources */ = {isa = PBXBuildFile; fileRef = 601E70EB21F3253A003011F8 /* SetNavigationBarTheme.swift */; };
		601E70F321F5F39B003011F8 /* DataModel.xcdatamodeld in Sources */ = {isa = PBXBuildFile; fileRef = 601E70F121F5F39B003011F8 /* DataModel.xcdatamodeld */; };
		601E70F621F71C60003011F8 /* CoreDataManager.swift in Sources */ = {isa = PBXBuildFile; fileRef = 601E70F521F71C60003011F8 /* CoreDataManager.swift */; };
		601E717D21FB51DB003011F8 /* ManageCompanyLayout.swift in Sources */ = {isa = PBXBuildFile; fileRef = 601E717C21FB51DB003011F8 /* ManageCompanyLayout.swift */; };
		601E717F21FB6EFB003011F8 /* EditCompanyVC.swift in Sources */ = {isa = PBXBuildFile; fileRef = 601E717E21FB6EFB003011F8 /* EditCompanyVC.swift */; };
		601E718221FB72DD003011F8 /* EditCompanyLayout.swift in Sources */ = {isa = PBXBuildFile; fileRef = 601E718121FB72DD003011F8 /* EditCompanyLayout.swift */; };
		606DBBB12215F62300621EF1 /* EmployeeTableView.swift in Sources */ = {isa = PBXBuildFile; fileRef = 606DBBB02215F62300621EF1 /* EmployeeTableView.swift */; };
		606DBBB32215F99700621EF1 /* EmployeesConstants.swift in Sources */ = {isa = PBXBuildFile; fileRef = 606DBBB22215F99700621EF1 /* EmployeesConstants.swift */; };
		606DBBB52215FF9C00621EF1 /* EmployeeListVC+EmployeeDataDelegate.swift in Sources */ = {isa = PBXBuildFile; fileRef = 606DBBB42215FF9C00621EF1 /* EmployeeListVC+EmployeeDataDelegate.swift */; };
		606DBBB72217260400621EF1 /* EmployeeListLayout.swift in Sources */ = {isa = PBXBuildFile; fileRef = 606DBBB62217260400621EF1 /* EmployeeListLayout.swift */; };
		60D9304222044C22005976BC /* CompanyListVC+CompanyDataDelegate.swift in Sources */ = {isa = PBXBuildFile; fileRef = 60D9304122044C22005976BC /* CompanyListVC+CompanyDataDelegate.swift */; };
		60D9304422077BC0005976BC /* EmployeeListVC.swift in Sources */ = {isa = PBXBuildFile; fileRef = 60D9304322077BC0005976BC /* EmployeeListVC.swift */; };
		60D93046220781FC005976BC /* UIViewController+NavigationBar.swift in Sources */ = {isa = PBXBuildFile; fileRef = 60D93045220781FC005976BC /* UIViewController+NavigationBar.swift */; };
		60D93048220783B7005976BC /* CreateEmployeeVC.swift in Sources */ = {isa = PBXBuildFile; fileRef = 60D93047220783B7005976BC /* CreateEmployeeVC.swift */; };
		60D9304D220C7930005976BC /* CreateEmployeeLayout.swift in Sources */ = {isa = PBXBuildFile; fileRef = 60D9304C220C7930005976BC /* CreateEmployeeLayout.swift */; };
/* End PBXBuildFile section */

/* Begin PBXFileReference section */
		601E70BD21ECC40D003011F8 /* 1CoreData.app */ = {isa = PBXFileReference; explicitFileType = wrapper.application; includeInIndex = 0; path = 1CoreData.app; sourceTree = BUILT_PRODUCTS_DIR; };
		601E70C021ECC40D003011F8 /* AppDelegate.swift */ = {isa = PBXFileReference; lastKnownFileType = sourcecode.swift; path = AppDelegate.swift; sourceTree = "<group>"; };
		601E70C221ECC40D003011F8 /* CompanyListVC.swift */ = {isa = PBXFileReference; lastKnownFileType = sourcecode.swift; path = CompanyListVC.swift; sourceTree = "<group>"; };
		601E70C721ECC40E003011F8 /* Assets.xcassets */ = {isa = PBXFileReference; lastKnownFileType = folder.assetcatalog; path = Assets.xcassets; sourceTree = "<group>"; };
		601E70CA21ECC40E003011F8 /* Base */ = {isa = PBXFileReference; lastKnownFileType = file.storyboard; name = Base; path = Base.lproj/LaunchScreen.storyboard; sourceTree = "<group>"; };
		601E70CC21ECC40E003011F8 /* Info.plist */ = {isa = PBXFileReference; lastKnownFileType = text.plist.xml; path = Info.plist; sourceTree = "<group>"; };
		601E70D221ECCE4C003011F8 /* CustomNavigationController.swift */ = {isa = PBXFileReference; lastKnownFileType = sourcecode.swift; path = CustomNavigationController.swift; sourceTree = "<group>"; };
		601E70D421ECD18F003011F8 /* ColorScheme.swift */ = {isa = PBXFileReference; lastKnownFileType = sourcecode.swift; path = ColorScheme.swift; sourceTree = "<group>"; };
		601E70D621ECD7D8003011F8 /* CompanyListLayout.swift */ = {isa = PBXFileReference; lastKnownFileType = sourcecode.swift; path = CompanyListLayout.swift; sourceTree = "<group>"; };
		601E70DD21EE5D7A003011F8 /* CompanyTableView.swift */ = {isa = PBXFileReference; lastKnownFileType = sourcecode.swift; path = CompanyTableView.swift; sourceTree = "<group>"; };
		601E70E021EE60F2003011F8 /* CompaniesConstants.swift */ = {isa = PBXFileReference; lastKnownFileType = sourcecode.swift; path = CompaniesConstants.swift; sourceTree = "<group>"; };
		601E70E221EFC2E4003011F8 /* Company.swift */ = {isa = PBXFileReference; lastKnownFileType = sourcecode.swift; path = Company.swift; sourceTree = "<group>"; };
		601E70E421EFC61F003011F8 /* CompanyCell.swift */ = {isa = PBXFileReference; lastKnownFileType = sourcecode.swift; path = CompanyCell.swift; sourceTree = "<group>"; };
		601E70E721F321BD003011F8 /* CreateCompanyVC.swift */ = {isa = PBXFileReference; lastKnownFileType = sourcecode.swift; path = CreateCompanyVC.swift; sourceTree = "<group>"; };
		601E70E921F322DA003011F8 /* CreateCompanyLayout.swift */ = {isa = PBXFileReference; lastKnownFileType = sourcecode.swift; path = CreateCompanyLayout.swift; sourceTree = "<group>"; };
		601E70EB21F3253A003011F8 /* SetNavigationBarTheme.swift */ = {isa = PBXFileReference; lastKnownFileType = sourcecode.swift; path = SetNavigationBarTheme.swift; sourceTree = "<group>"; };
		601E70F221F5F39B003011F8 /* DataModel.xcdatamodel */ = {isa = PBXFileReference; lastKnownFileType = wrapper.xcdatamodel; path = DataModel.xcdatamodel; sourceTree = "<group>"; };
		601E70F521F71C60003011F8 /* CoreDataManager.swift */ = {isa = PBXFileReference; lastKnownFileType = sourcecode.swift; path = CoreDataManager.swift; sourceTree = "<group>"; };
		601E717C21FB51DB003011F8 /* ManageCompanyLayout.swift */ = {isa = PBXFileReference; lastKnownFileType = sourcecode.swift; path = ManageCompanyLayout.swift; sourceTree = "<group>"; };
		601E717E21FB6EFB003011F8 /* EditCompanyVC.swift */ = {isa = PBXFileReference; lastKnownFileType = sourcecode.swift; path = EditCompanyVC.swift; sourceTree = "<group>"; };
		601E718121FB72DD003011F8 /* EditCompanyLayout.swift */ = {isa = PBXFileReference; lastKnownFileType = sourcecode.swift; path = EditCompanyLayout.swift; sourceTree = "<group>"; };
		606DBBB02215F62300621EF1 /* EmployeeTableView.swift */ = {isa = PBXFileReference; lastKnownFileType = sourcecode.swift; path = EmployeeTableView.swift; sourceTree = "<group>"; };
		606DBBB22215F99700621EF1 /* EmployeesConstants.swift */ = {isa = PBXFileReference; lastKnownFileType = sourcecode.swift; path = EmployeesConstants.swift; sourceTree = "<group>"; };
		606DBBB42215FF9C00621EF1 /* EmployeeListVC+EmployeeDataDelegate.swift */ = {isa = PBXFileReference; lastKnownFileType = sourcecode.swift; path = "EmployeeListVC+EmployeeDataDelegate.swift"; sourceTree = "<group>"; };
		606DBBB62217260400621EF1 /* EmployeeListLayout.swift */ = {isa = PBXFileReference; lastKnownFileType = sourcecode.swift; path = EmployeeListLayout.swift; sourceTree = "<group>"; };
		60D9304122044C22005976BC /* CompanyListVC+CompanyDataDelegate.swift */ = {isa = PBXFileReference; lastKnownFileType = sourcecode.swift; path = "CompanyListVC+CompanyDataDelegate.swift"; sourceTree = "<group>"; };
		60D9304322077BC0005976BC /* EmployeeListVC.swift */ = {isa = PBXFileReference; lastKnownFileType = sourcecode.swift; path = EmployeeListVC.swift; sourceTree = "<group>"; };
		60D93045220781FC005976BC /* UIViewController+NavigationBar.swift */ = {isa = PBXFileReference; lastKnownFileType = sourcecode.swift; path = "UIViewController+NavigationBar.swift"; sourceTree = "<group>"; };
		60D93047220783B7005976BC /* CreateEmployeeVC.swift */ = {isa = PBXFileReference; lastKnownFileType = sourcecode.swift; path = CreateEmployeeVC.swift; sourceTree = "<group>"; };
		60D9304C220C7930005976BC /* CreateEmployeeLayout.swift */ = {isa = PBXFileReference; lastKnownFileType = sourcecode.swift; path = CreateEmployeeLayout.swift; sourceTree = "<group>"; };
/* End PBXFileReference section */

/* Begin PBXFrameworksBuildPhase section */
		601E70BA21ECC40D003011F8 /* Frameworks */ = {
			isa = PBXFrameworksBuildPhase;
			buildActionMask = 2147483647;
			files = (
			);
			runOnlyForDeploymentPostprocessing = 0;
		};
/* End PBXFrameworksBuildPhase section */

/* Begin PBXGroup section */
		601E70B421ECC40D003011F8 = {
			isa = PBXGroup;
			children = (
				601E70BF21ECC40D003011F8 /* 1CoreData */,
				601E70BE21ECC40D003011F8 /* Products */,
			);
			sourceTree = "<group>";
		};
		601E70BE21ECC40D003011F8 /* Products */ = {
			isa = PBXGroup;
			children = (
				601E70BD21ECC40D003011F8 /* 1CoreData.app */,
			);
			name = Products;
			sourceTree = "<group>";
		};
		601E70BF21ECC40D003011F8 /* 1CoreData */ = {
			isa = PBXGroup;
			children = (
				601E70F421F71C38003011F8 /* Services */,
				601E70DF21EE602E003011F8 /* Utilities */,
				601E70DA21ECD7F1003011F8 /* Model */,
				601E70D921ECD7EC003011F8 /* View */,
				601E70D821ECD7E0003011F8 /* Controller */,
				601E70C721ECC40E003011F8 /* Assets.xcassets */,
				601E70C921ECC40E003011F8 /* LaunchScreen.storyboard */,
				601E70CC21ECC40E003011F8 /* Info.plist */,
			);
			path = 1CoreData;
			sourceTree = "<group>";
		};
		601E70D821ECD7E0003011F8 /* Controller */ = {
			isa = PBXGroup;
			children = (
				606DBBB92217286C00621EF1 /* Companies */,
				606DBBB82217284F00621EF1 /* Employees */,
				601E70D221ECCE4C003011F8 /* CustomNavigationController.swift */,
				601E70C021ECC40D003011F8 /* AppDelegate.swift */,
			);
			path = Controller;
			sourceTree = "<group>";
		};
		601E70D921ECD7EC003011F8 /* View */ = {
			isa = PBXGroup;
			children = (
				606DBBBB22180A1E00621EF1 /* Employees */,
				606DBBBA221809B700621EF1 /* Companies */,
				601E70D421ECD18F003011F8 /* ColorScheme.swift */,
				601E70EB21F3253A003011F8 /* SetNavigationBarTheme.swift */,
				601E717C21FB51DB003011F8 /* ManageCompanyLayout.swift */,
			);
			path = View;
			sourceTree = "<group>";
		};
		601E70DA21ECD7F1003011F8 /* Model */ = {
			isa = PBXGroup;
			children = (
				601E70E221EFC2E4003011F8 /* Company.swift */,
				601E70F121F5F39B003011F8 /* DataModel.xcdatamodeld */,
			);
			path = Model;
			sourceTree = "<group>";
		};
		601E70DF21EE602E003011F8 /* Utilities */ = {
			isa = PBXGroup;
			children = (
				601E70E021EE60F2003011F8 /* CompaniesConstants.swift */,
				606DBBB22215F99700621EF1 /* EmployeesConstants.swift */,
				60D93045220781FC005976BC /* UIViewController+NavigationBar.swift */,
			);
			path = Utilities;
			sourceTree = "<group>";
		};
		601E70ED21F32F16003011F8 /* CompanyList */ = {
			isa = PBXGroup;
			children = (
				601E70D621ECD7D8003011F8 /* CompanyListLayout.swift */,
				601E70DD21EE5D7A003011F8 /* CompanyTableView.swift */,
				601E70E421EFC61F003011F8 /* CompanyCell.swift */,
			);
			path = CompanyList;
			sourceTree = "<group>";
		};
		601E70EE21F32F33003011F8 /* CreateCompany */ = {
			isa = PBXGroup;
			children = (
				601E70E921F322DA003011F8 /* CreateCompanyLayout.swift */,
			);
			path = CreateCompany;
			sourceTree = "<group>";
		};
		601E70F421F71C38003011F8 /* Services */ = {
			isa = PBXGroup;
			children = (
				601E70F521F71C60003011F8 /* CoreDataManager.swift */,
			);
			path = Services;
			sourceTree = "<group>";
		};
		601E718021FB72B9003011F8 /* EditCompany */ = {
			isa = PBXGroup;
			children = (
				601E718121FB72DD003011F8 /* EditCompanyLayout.swift */,
			);
			path = EditCompany;
			sourceTree = "<group>";
		};
		606DBBAF2215F5EB00621EF1 /* EmployeeList */ = {
			isa = PBXGroup;
			children = (
				606DBBB02215F62300621EF1 /* EmployeeTableView.swift */,
				606DBBB62217260400621EF1 /* EmployeeListLayout.swift */,
			);
			path = EmployeeList;
			sourceTree = "<group>";
		};
		606DBBB82217284F00621EF1 /* Employees */ = {
			isa = PBXGroup;
			children = (
				60D93047220783B7005976BC /* CreateEmployeeVC.swift */,
				60D9304322077BC0005976BC /* EmployeeListVC.swift */,
				606DBBB42215FF9C00621EF1 /* EmployeeListVC+EmployeeDataDelegate.swift */,
			);
			path = Employees;
			sourceTree = "<group>";
		};
		606DBBB92217286C00621EF1 /* Companies */ = {
			isa = PBXGroup;
			children = (
				601E70E721F321BD003011F8 /* CreateCompanyVC.swift */,
				601E717E21FB6EFB003011F8 /* EditCompanyVC.swift */,
				601E70C221ECC40D003011F8 /* CompanyListVC.swift */,
				60D9304122044C22005976BC /* CompanyListVC+CompanyDataDelegate.swift */,
			);
			path = Companies;
			sourceTree = "<group>";
		};
		606DBBBA221809B700621EF1 /* Companies */ = {
			isa = PBXGroup;
			children = (
				601E70EE21F32F33003011F8 /* CreateCompany */,
				601E718021FB72B9003011F8 /* EditCompany */,
				601E70ED21F32F16003011F8 /* CompanyList */,
			);
			path = Companies;
			sourceTree = "<group>";
		};
		606DBBBB22180A1E00621EF1 /* Employees */ = {
			isa = PBXGroup;
			children = (
				60D9304B220C78E7005976BC /* CreateEmployee */,
				606DBBAF2215F5EB00621EF1 /* EmployeeList */,
			);
			path = Employees;
			sourceTree = "<group>";
		};
		60D9304B220C78E7005976BC /* CreateEmployee */ = {
			isa = PBXGroup;
			children = (
				60D9304C220C7930005976BC /* CreateEmployeeLayout.swift */,
			);
			path = CreateEmployee;
			sourceTree = "<group>";
		};
/* End PBXGroup section */

/* Begin PBXNativeTarget section */
		601E70BC21ECC40D003011F8 /* 1CoreData */ = {
			isa = PBXNativeTarget;
			buildConfigurationList = 601E70CF21ECC40E003011F8 /* Build configuration list for PBXNativeTarget "1CoreData" */;
			buildPhases = (
				601E70B921ECC40D003011F8 /* Sources */,
				601E70BA21ECC40D003011F8 /* Frameworks */,
				601E70BB21ECC40D003011F8 /* Resources */,
			);
			buildRules = (
			);
			dependencies = (
			);
			name = 1CoreData;
			productName = 1CoreData;
			productReference = 601E70BD21ECC40D003011F8 /* 1CoreData.app */;
			productType = "com.apple.product-type.application";
		};
/* End PBXNativeTarget section */

/* Begin PBXProject section */
		601E70B521ECC40D003011F8 /* Project object */ = {
			isa = PBXProject;
			attributes = {
				LastSwiftUpdateCheck = 1010;
				LastUpgradeCheck = 1010;
				ORGANIZATIONNAME = McL;
				TargetAttributes = {
					601E70BC21ECC40D003011F8 = {
						CreatedOnToolsVersion = 10.1;
					};
				};
			};
			buildConfigurationList = 601E70B821ECC40D003011F8 /* Build configuration list for PBXProject "1CoreData" */;
			compatibilityVersion = "Xcode 9.3";
			developmentRegion = en;
			hasScannedForEncodings = 0;
			knownRegions = (
				en,
				Base,
			);
			mainGroup = 601E70B421ECC40D003011F8;
			productRefGroup = 601E70BE21ECC40D003011F8 /* Products */;
			projectDirPath = "";
			projectRoot = "";
			targets = (
				601E70BC21ECC40D003011F8 /* 1CoreData */,
			);
		};
/* End PBXProject section */

/* Begin PBXResourcesBuildPhase section */
		601E70BB21ECC40D003011F8 /* Resources */ = {
			isa = PBXResourcesBuildPhase;
			buildActionMask = 2147483647;
			files = (
				601E70CB21ECC40E003011F8 /* LaunchScreen.storyboard in Resources */,
				601E70C821ECC40E003011F8 /* Assets.xcassets in Resources */,
			);
			runOnlyForDeploymentPostprocessing = 0;
		};
/* End PBXResourcesBuildPhase section */

/* Begin PBXSourcesBuildPhase section */
		601E70B921ECC40D003011F8 /* Sources */ = {
			isa = PBXSourcesBuildPhase;
			buildActionMask = 2147483647;
			files = (
				601E70D521ECD18F003011F8 /* ColorScheme.swift in Sources */,
				601E70D321ECCE4C003011F8 /* CustomNavigationController.swift in Sources */,
				60D9304222044C22005976BC /* CompanyListVC+CompanyDataDelegate.swift in Sources */,
				60D9304D220C7930005976BC /* CreateEmployeeLayout.swift in Sources */,
				601E70EC21F3253A003011F8 /* SetNavigationBarTheme.swift in Sources */,
				601E70C321ECC40D003011F8 /* CompanyListVC.swift in Sources */,
				601E717F21FB6EFB003011F8 /* EditCompanyVC.swift in Sources */,
				601E70D721ECD7D8003011F8 /* CompanyListLayout.swift in Sources */,
				601E70E521EFC61F003011F8 /* CompanyCell.swift in Sources */,
				606DBBB72217260400621EF1 /* EmployeeListLayout.swift in Sources */,
				601E70EA21F322DA003011F8 /* CreateCompanyLayout.swift in Sources */,
				601E70E121EE60F2003011F8 /* CompaniesConstants.swift in Sources */,
				601E718221FB72DD003011F8 /* EditCompanyLayout.swift in Sources */,
				606DBBB12215F62300621EF1 /* EmployeeTableView.swift in Sources */,
				601E70DE21EE5D7A003011F8 /* CompanyTableView.swift in Sources */,
				60D93046220781FC005976BC /* UIViewController+NavigationBar.swift in Sources */,
				606DBBB32215F99700621EF1 /* EmployeesConstants.swift in Sources */,
				601E70E821F321BD003011F8 /* CreateCompanyVC.swift in Sources */,
				601E70F321F5F39B003011F8 /* DataModel.xcdatamodeld in Sources */,
				601E70C121ECC40D003011F8 /* AppDelegate.swift in Sources */,
				601E717D21FB51DB003011F8 /* ManageCompanyLayout.swift in Sources */,
				601E70F621F71C60003011F8 /* CoreDataManager.swift in Sources */,
				601E70E321EFC2E4003011F8 /* Company.swift in Sources */,
				60D93048220783B7005976BC /* CreateEmployeeVC.swift in Sources */,
				60D9304422077BC0005976BC /* EmployeeListVC.swift in Sources */,
				606DBBB52215FF9C00621EF1 /* EmployeeListVC+EmployeeDataDelegate.swift in Sources */,
			);
			runOnlyForDeploymentPostprocessing = 0;
		};
/* End PBXSourcesBuildPhase section */

/* Begin PBXVariantGroup section */
		601E70C921ECC40E003011F8 /* LaunchScreen.storyboard */ = {
			isa = PBXVariantGroup;
			children = (
				601E70CA21ECC40E003011F8 /* Base */,
			);
			name = LaunchScreen.storyboard;
			sourceTree = "<group>";
		};
/* End PBXVariantGroup section */

/* Begin XCBuildConfiguration section */
		601E70CD21ECC40E003011F8 /* Debug */ = {
			isa = XCBuildConfiguration;
			buildSettings = {
				ALWAYS_SEARCH_USER_PATHS = NO;
				CLANG_ANALYZER_NONNULL = YES;
				CLANG_ANALYZER_NUMBER_OBJECT_CONVERSION = YES_AGGRESSIVE;
				CLANG_CXX_LANGUAGE_STANDARD = "gnu++14";
				CLANG_CXX_LIBRARY = "libc++";
				CLANG_ENABLE_MODULES = YES;
				CLANG_ENABLE_OBJC_ARC = YES;
				CLANG_ENABLE_OBJC_WEAK = YES;
				CLANG_WARN_BLOCK_CAPTURE_AUTORELEASING = YES;
				CLANG_WARN_BOOL_CONVERSION = YES;
				CLANG_WARN_COMMA = YES;
				CLANG_WARN_CONSTANT_CONVERSION = YES;
				CLANG_WARN_DEPRECATED_OBJC_IMPLEMENTATIONS = YES;
				CLANG_WARN_DIRECT_OBJC_ISA_USAGE = YES_ERROR;
				CLANG_WARN_DOCUMENTATION_COMMENTS = YES;
				CLANG_WARN_EMPTY_BODY = YES;
				CLANG_WARN_ENUM_CONVERSION = YES;
				CLANG_WARN_INFINITE_RECURSION = YES;
				CLANG_WARN_INT_CONVERSION = YES;
				CLANG_WARN_NON_LITERAL_NULL_CONVERSION = YES;
				CLANG_WARN_OBJC_IMPLICIT_RETAIN_SELF = YES;
				CLANG_WARN_OBJC_LITERAL_CONVERSION = YES;
				CLANG_WARN_OBJC_ROOT_CLASS = YES_ERROR;
				CLANG_WARN_RANGE_LOOP_ANALYSIS = YES;
				CLANG_WARN_STRICT_PROTOTYPES = YES;
				CLANG_WARN_SUSPICIOUS_MOVE = YES;
				CLANG_WARN_UNGUARDED_AVAILABILITY = YES_AGGRESSIVE;
				CLANG_WARN_UNREACHABLE_CODE = YES;
				CLANG_WARN__DUPLICATE_METHOD_MATCH = YES;
				CODE_SIGN_IDENTITY = "iPhone Developer";
				COPY_PHASE_STRIP = NO;
				DEBUG_INFORMATION_FORMAT = dwarf;
				ENABLE_STRICT_OBJC_MSGSEND = YES;
				ENABLE_TESTABILITY = YES;
				GCC_C_LANGUAGE_STANDARD = gnu11;
				GCC_DYNAMIC_NO_PIC = NO;
				GCC_NO_COMMON_BLOCKS = YES;
				GCC_OPTIMIZATION_LEVEL = 0;
				GCC_PREPROCESSOR_DEFINITIONS = (
					"DEBUG=1",
					"$(inherited)",
				);
				GCC_WARN_64_TO_32_BIT_CONVERSION = YES;
				GCC_WARN_ABOUT_RETURN_TYPE = YES_ERROR;
				GCC_WARN_UNDECLARED_SELECTOR = YES;
				GCC_WARN_UNINITIALIZED_AUTOS = YES_AGGRESSIVE;
				GCC_WARN_UNUSED_FUNCTION = YES;
				GCC_WARN_UNUSED_VARIABLE = YES;
				IPHONEOS_DEPLOYMENT_TARGET = 12.1;
				MTL_ENABLE_DEBUG_INFO = INCLUDE_SOURCE;
				MTL_FAST_MATH = YES;
				ONLY_ACTIVE_ARCH = YES;
				SDKROOT = iphoneos;
				SWIFT_ACTIVE_COMPILATION_CONDITIONS = DEBUG;
				SWIFT_OPTIMIZATION_LEVEL = "-Onone";
			};
			name = Debug;
		};
		601E70CE21ECC40E003011F8 /* Release */ = {
			isa = XCBuildConfiguration;
			buildSettings = {
				ALWAYS_SEARCH_USER_PATHS = NO;
				CLANG_ANALYZER_NONNULL = YES;
				CLANG_ANALYZER_NUMBER_OBJECT_CONVERSION = YES_AGGRESSIVE;
				CLANG_CXX_LANGUAGE_STANDARD = "gnu++14";
				CLANG_CXX_LIBRARY = "libc++";
				CLANG_ENABLE_MODULES = YES;
				CLANG_ENABLE_OBJC_ARC = YES;
				CLANG_ENABLE_OBJC_WEAK = YES;
				CLANG_WARN_BLOCK_CAPTURE_AUTORELEASING = YES;
				CLANG_WARN_BOOL_CONVERSION = YES;
				CLANG_WARN_COMMA = YES;
				CLANG_WARN_CONSTANT_CONVERSION = YES;
				CLANG_WARN_DEPRECATED_OBJC_IMPLEMENTATIONS = YES;
				CLANG_WARN_DIRECT_OBJC_ISA_USAGE = YES_ERROR;
				CLANG_WARN_DOCUMENTATION_COMMENTS = YES;
				CLANG_WARN_EMPTY_BODY = YES;
				CLANG_WARN_ENUM_CONVERSION = YES;
				CLANG_WARN_INFINITE_RECURSION = YES;
				CLANG_WARN_INT_CONVERSION = YES;
				CLANG_WARN_NON_LITERAL_NULL_CONVERSION = YES;
				CLANG_WARN_OBJC_IMPLICIT_RETAIN_SELF = YES;
				CLANG_WARN_OBJC_LITERAL_CONVERSION = YES;
				CLANG_WARN_OBJC_ROOT_CLASS = YES_ERROR;
				CLANG_WARN_RANGE_LOOP_ANALYSIS = YES;
				CLANG_WARN_STRICT_PROTOTYPES = YES;
				CLANG_WARN_SUSPICIOUS_MOVE = YES;
				CLANG_WARN_UNGUARDED_AVAILABILITY = YES_AGGRESSIVE;
				CLANG_WARN_UNREACHABLE_CODE = YES;
				CLANG_WARN__DUPLICATE_METHOD_MATCH = YES;
				CODE_SIGN_IDENTITY = "iPhone Developer";
				COPY_PHASE_STRIP = NO;
				DEBUG_INFORMATION_FORMAT = "dwarf-with-dsym";
				ENABLE_NS_ASSERTIONS = NO;
				ENABLE_STRICT_OBJC_MSGSEND = YES;
				GCC_C_LANGUAGE_STANDARD = gnu11;
				GCC_NO_COMMON_BLOCKS = YES;
				GCC_WARN_64_TO_32_BIT_CONVERSION = YES;
				GCC_WARN_ABOUT_RETURN_TYPE = YES_ERROR;
				GCC_WARN_UNDECLARED_SELECTOR = YES;
				GCC_WARN_UNINITIALIZED_AUTOS = YES_AGGRESSIVE;
				GCC_WARN_UNUSED_FUNCTION = YES;
				GCC_WARN_UNUSED_VARIABLE = YES;
				IPHONEOS_DEPLOYMENT_TARGET = 12.1;
				MTL_ENABLE_DEBUG_INFO = NO;
				MTL_FAST_MATH = YES;
				SDKROOT = iphoneos;
				SWIFT_COMPILATION_MODE = wholemodule;
				SWIFT_OPTIMIZATION_LEVEL = "-O";
				VALIDATE_PRODUCT = YES;
			};
			name = Release;
		};
		601E70D021ECC40E003011F8 /* Debug */ = {
			isa = XCBuildConfiguration;
			buildSettings = {
				ASSETCATALOG_COMPILER_APPICON_NAME = AppIcon;
				CODE_SIGN_STYLE = Manual;
				DEVELOPMENT_TEAM = "";
				INFOPLIST_FILE = 1CoreData/Info.plist;
				LD_RUNPATH_SEARCH_PATHS = (
					"$(inherited)",
					"@executable_path/Frameworks",
				);
				PRODUCT_BUNDLE_IDENTIFIER = "noneinc.-CoreData";
				PRODUCT_NAME = "$(TARGET_NAME)";
				PROVISIONING_PROFILE_SPECIFIER = "";
				SWIFT_VERSION = 4.2;
				TARGETED_DEVICE_FAMILY = "1,2";
			};
			name = Debug;
		};
		601E70D121ECC40E003011F8 /* Release */ = {
			isa = XCBuildConfiguration;
			buildSettings = {
				ASSETCATALOG_COMPILER_APPICON_NAME = AppIcon;
				CODE_SIGN_STYLE = Manual;
				DEVELOPMENT_TEAM = "";
				INFOPLIST_FILE = 1CoreData/Info.plist;
				LD_RUNPATH_SEARCH_PATHS = (
					"$(inherited)",
					"@executable_path/Frameworks",
				);
				PRODUCT_BUNDLE_IDENTIFIER = "noneinc.-CoreData";
				PRODUCT_NAME = "$(TARGET_NAME)";
				PROVISIONING_PROFILE_SPECIFIER = "";
				SWIFT_VERSION = 4.2;
				TARGETED_DEVICE_FAMILY = "1,2";
			};
			name = Release;
		};
/* End XCBuildConfiguration section */

/* Begin XCConfigurationList section */
		601E70B821ECC40D003011F8 /* Build configuration list for PBXProject "1CoreData" */ = {
			isa = XCConfigurationList;
			buildConfigurations = (
				601E70CD21ECC40E003011F8 /* Debug */,
				601E70CE21ECC40E003011F8 /* Release */,
			);
			defaultConfigurationIsVisible = 0;
			defaultConfigurationName = Release;
		};
		601E70CF21ECC40E003011F8 /* Build configuration list for PBXNativeTarget "1CoreData" */ = {
			isa = XCConfigurationList;
			buildConfigurations = (
				601E70D021ECC40E003011F8 /* Debug */,
				601E70D121ECC40E003011F8 /* Release */,
			);
			defaultConfigurationIsVisible = 0;
			defaultConfigurationName = Release;
		};
/* End XCConfigurationList section */

/* Begin XCVersionGroup section */
		601E70F121F5F39B003011F8 /* DataModel.xcdatamodeld */ = {
			isa = XCVersionGroup;
			children = (
				601E70F221F5F39B003011F8 /* DataModel.xcdatamodel */,
			);
			currentVersion = 601E70F221F5F39B003011F8 /* DataModel.xcdatamodel */;
			path = DataModel.xcdatamodeld;
			sourceTree = "<group>";
			versionGroupType = wrapper.xcdatamodel;
		};
/* End XCVersionGroup section */
	};
	rootObject = 601E70B521ECC40D003011F8 /* Project object */;
}
